
Microsoft Visual Studio Solution File, Format Version 12.00
# Visual Studio 2013
VisualStudioVersion = 12.0.31101.0
MinimumVisualStudioVersion = 10.0.40219.1
Project("{FAE04EC0-301F-11D3-BF4B-00C04F79EFBC}") = "CGP", "CGP\CGP.csproj", "{4EB2216C-58B7-4B79-AC96-8684898F55A5}"
EndProject
Project("{FAE04EC0-301F-11D3-BF4B-00C04F79EFBC}") = "CGP.Tests", "CGP.Tests\CGP.Tests.csproj", "{7D7691A3-7011-4F48-9E9B-E793ABDBBC48}"
EndProject
Project("{FAE04EC0-301F-11D3-BF4B-00C04F79EFBC}") = "CGP_MVC5", "CGP_MVC5\CGP_MVC5.csproj", "{E107BBBD-CAB3-4B09-9A48-8437775786A8}"
EndProject
Project("{F184B08F-C81C-45F6-A57F-5ABD9991F28F}") = "CGPWin_DatosClient", "CGPWin_DatosClient\CGPWin_DatosClient.vbproj", "{7683F130-78ED-40FB-AF07-D19E014CB2C0}"
EndProject
Project("{FAE04EC0-301F-11D3-BF4B-00C04F79EFBC}") = "CGPWinWebLogica", "CGPWinWebLogica\CGPWinWebLogica.csproj", "{265EC878-BF16-4C8F-8F81-3564B2F2B149}"
EndProject
Project("{FAE04EC0-301F-11D3-BF4B-00C04F79EFBC}") = "Seguridad", "Seguridad\Seguridad.csproj", "{2C2BFEA0-8714-4088-90C8-B91B7E8600CF}"
EndProject
Project("{FAE04EC0-301F-11D3-BF4B-00C04F79EFBC}") = "ContenedorDLL", "ContenedorDLL\ContenedorDLL.csproj", "{2F1967D5-9E72-490A-A909-C508D77C33FA}"
EndProject
Global
	GlobalSection(SolutionConfigurationPlatforms) = preSolution
		Debug|Any CPU = Debug|Any CPU
		Release|Any CPU = Release|Any CPU
	EndGlobalSection
	GlobalSection(ProjectConfigurationPlatforms) = postSolution
		{4EB2216C-58B7-4B79-AC96-8684898F55A5}.Debug|Any CPU.ActiveCfg = Debug|Any CPU
		{4EB2216C-58B7-4B79-AC96-8684898F55A5}.Debug|Any CPU.Build.0 = Debug|Any CPU
		{4EB2216C-58B7-4B79-AC96-8684898F55A5}.Release|Any CPU.ActiveCfg = Release|Any CPU
		{4EB2216C-58B7-4B79-AC96-8684898F55A5}.Release|Any CPU.Build.0 = Release|Any CPU
		{7D7691A3-7011-4F48-9E9B-E793ABDBBC48}.Debug|Any CPU.ActiveCfg = Debug|Any CPU
		{7D7691A3-7011-4F48-9E9B-E793ABDBBC48}.Debug|Any CPU.Build.0 = Debug|Any CPU
		{7D7691A3-7011-4F48-9E9B-E793ABDBBC48}.Release|Any CPU.ActiveCfg = Release|Any CPU
		{7D7691A3-7011-4F48-9E9B-E793ABDBBC48}.Release|Any CPU.Build.0 = Release|Any CPU
		{E107BBBD-CAB3-4B09-9A48-8437775786A8}.Debug|Any CPU.ActiveCfg = Debug|Any CPU
		{E107BBBD-CAB3-4B09-9A48-8437775786A8}.Debug|Any CPU.Build.0 = Debug|Any CPU
		{E107BBBD-CAB3-4B09-9A48-8437775786A8}.Release|Any CPU.ActiveCfg = Release|Any CPU
		{E107BBBD-CAB3-4B09-9A48-8437775786A8}.Release|Any CPU.Build.0 = Release|Any CPU
		{7683F130-78ED-40FB-AF07-D19E014CB2C0}.Debug|Any CPU.ActiveCfg = Debug|Any CPU
		{7683F130-78ED-40FB-AF07-D19E014CB2C0}.Debug|Any CPU.Build.0 = Debug|Any CPU
		{7683F130-78ED-40FB-AF07-D19E014CB2C0}.Release|Any CPU.ActiveCfg = Release|Any CPU
		{7683F130-78ED-40FB-AF07-D19E014CB2C0}.Release|Any CPU.Build.0 = Release|Any CPU
		{265EC878-BF16-4C8F-8F81-3564B2F2B149}.Debug|Any CPU.ActiveCfg = Debug|Any CPU
		{265EC878-BF16-4C8F-8F81-3564B2F2B149}.Debug|Any CPU.Build.0 = Debug|Any CPU
		{265EC878-BF16-4C8F-8F81-3564B2F2B149}.Release|Any CPU.ActiveCfg = Release|Any CPU
		{265EC878-BF16-4C8F-8F81-3564B2F2B149}.Release|Any CPU.Build.0 = Release|Any CPU
		{2C2BFEA0-8714-4088-90C8-B91B7E8600CF}.Debug|Any CPU.ActiveCfg = Debug|Any CPU
		{2C2BFEA0-8714-4088-90C8-B91B7E8600CF}.Debug|Any CPU.Build.0 = Debug|Any CPU
		{2C2BFEA0-8714-4088-90C8-B91B7E8600CF}.Release|Any CPU.ActiveCfg = Release|Any CPU
		{2C2BFEA0-8714-4088-90C8-B91B7E8600CF}.Release|Any CPU.Build.0 = Release|Any CPU
		{2F1967D5-9E72-490A-A909-C508D77C33FA}.Debug|Any CPU.ActiveCfg = Debug|Any CPU
		{2F1967D5-9E72-490A-A909-C508D77C33FA}.Debug|Any CPU.Build.0 = Debug|Any CPU
		{2F1967D5-9E72-490A-A909-C508D77C33FA}.Release|Any CPU.ActiveCfg = Release|Any CPU
		{2F1967D5-9E72-490A-A909-C508D77C33FA}.Release|Any CPU.Build.0 = Release|Any CPU
	EndGlobalSection
	GlobalSection(SolutionProperties) = preSolution
		HideSolutionNode = FALSE
	EndGlobalSection
EndGlobal
